// !$*UTF8*$!
{
	archiveVersion = 1;
	classes = {
	};
	objectVersion = 46;
	objects = {

/* Begin PBXBuildFile section */
		053493EC1EBD486B00D9F89D /* SizeTableViewCell.swift in Sources */ = {isa = PBXBuildFile; fileRef = 053493EB1EBD486B00D9F89D /* SizeTableViewCell.swift */; };
		053493F11EBD4E7300D9F89D /* AdjacentVerticalTableViewCell.swift in Sources */ = {isa = PBXBuildFile; fileRef = 053493F01EBD4E7300D9F89D /* AdjacentVerticalTableViewCell.swift */; };
		0543392C1EA1FB1100044728 /* BaseTestCase.swift in Sources */ = {isa = PBXBuildFile; fileRef = 0543392B1EA1FB1100044728 /* BaseTestCase.swift */; };
		057099511EBD7B7F00D6EF71 /* AdjacentHorizontalTableViewCell.swift in Sources */ = {isa = PBXBuildFile; fileRef = 057099501EBD7B7F00D6EF71 /* AdjacentHorizontalTableViewCell.swift */; };
		057099531EBD7D3000D6EF71 /* Style.swift in Sources */ = {isa = PBXBuildFile; fileRef = 057099521EBD7D3000D6EF71 /* Style.swift */; };
		05B6D15C1EBC3B3400715D40 /* WelcomeTableViewCell.swift in Sources */ = {isa = PBXBuildFile; fileRef = 05B6D15B1EBC3B3400715D40 /* WelcomeTableViewCell.swift */; };
		05B6D15E1EBC3E6F00715D40 /* IndexManager.swift in Sources */ = {isa = PBXBuildFile; fileRef = 05B6D15D1EBC3E6F00715D40 /* IndexManager.swift */; };
		05B6D1601EBC434500715D40 /* PriorityTableViewCell.swift in Sources */ = {isa = PBXBuildFile; fileRef = 05B6D15F1EBC434500715D40 /* PriorityTableViewCell.swift */; };
		05B6D1621EBC438300715D40 /* UITableViewExtension.swift in Sources */ = {isa = PBXBuildFile; fileRef = 05B6D1611EBC438300715D40 /* UITableViewExtension.swift */; };
		05B6D1641EBC48CA00715D40 /* TitleTableViewCell.swift in Sources */ = {isa = PBXBuildFile; fileRef = 05B6D1631EBC48CA00715D40 /* TitleTableViewCell.swift */; };
		05D8B3621E8E1F7F00E5819A /* SnapConfigTests.swift in Sources */ = {isa = PBXBuildFile; fileRef = 05D8B3611E8E1F7F00E5819A /* SnapConfigTests.swift */; };
		05D8B3641E8E1FAE00E5819A /* SnapManagerTests.swift in Sources */ = {isa = PBXBuildFile; fileRef = 05D8B3631E8E1FAE00E5819A /* SnapManagerTests.swift */; };
		05FA916D1E919EE90033BC64 /* SnapLayoutTests.swift in Sources */ = {isa = PBXBuildFile; fileRef = 05FA916C1E919EE90033BC64 /* SnapLayoutTests.swift */; };
		16620983C7FD6063E77C3842 /* Pods_SnapLayout_ExampleTests.framework in Frameworks */ = {isa = PBXBuildFile; fileRef = 1C8E67D8280A8CA43B58D9B0 /* Pods_SnapLayout_ExampleTests.framework */; };
		607FACD61AFB9204008FA782 /* AppDelegate.swift in Sources */ = {isa = PBXBuildFile; fileRef = 607FACD51AFB9204008FA782 /* AppDelegate.swift */; };
		607FACD81AFB9204008FA782 /* ViewController.swift in Sources */ = {isa = PBXBuildFile; fileRef = 607FACD71AFB9204008FA782 /* ViewController.swift */; };
		607FACDD1AFB9204008FA782 /* Images.xcassets in Resources */ = {isa = PBXBuildFile; fileRef = 607FACDC1AFB9204008FA782 /* Images.xcassets */; };
		607FACE01AFB9204008FA782 /* LaunchScreen.xib in Resources */ = {isa = PBXBuildFile; fileRef = 607FACDE1AFB9204008FA782 /* LaunchScreen.xib */; };
		C5916DD918499AC040716CAE /* Pods_SnapLayout_Example.framework in Frameworks */ = {isa = PBXBuildFile; fileRef = 6E8455DE81A33BC7EDDE58E6 /* Pods_SnapLayout_Example.framework */; };
/* End PBXBuildFile section */

/* Begin PBXContainerItemProxy section */
		05D8B35C1E8E1D7C00E5819A /* PBXContainerItemProxy */ = {
			isa = PBXContainerItemProxy;
			containerPortal = 607FACC81AFB9204008FA782 /* Project object */;
			proxyType = 1;
			remoteGlobalIDString = 607FACCF1AFB9204008FA782;
			remoteInfo = SnapLayout_Example;
		};
/* End PBXContainerItemProxy section */

/* Begin PBXFileReference section */
		053493EB1EBD486B00D9F89D /* SizeTableViewCell.swift */ = {isa = PBXFileReference; fileEncoding = 4; lastKnownFileType = sourcecode.swift; path = SizeTableViewCell.swift; sourceTree = "<group>"; };
		053493F01EBD4E7300D9F89D /* AdjacentVerticalTableViewCell.swift */ = {isa = PBXFileReference; fileEncoding = 4; lastKnownFileType = sourcecode.swift; path = AdjacentVerticalTableViewCell.swift; sourceTree = "<group>"; };
		0543392B1EA1FB1100044728 /* BaseTestCase.swift */ = {isa = PBXFileReference; fileEncoding = 4; lastKnownFileType = sourcecode.swift; path = BaseTestCase.swift; sourceTree = "<group>"; };
		057099501EBD7B7F00D6EF71 /* AdjacentHorizontalTableViewCell.swift */ = {isa = PBXFileReference; fileEncoding = 4; lastKnownFileType = sourcecode.swift; path = AdjacentHorizontalTableViewCell.swift; sourceTree = "<group>"; };
		057099521EBD7D3000D6EF71 /* Style.swift */ = {isa = PBXFileReference; fileEncoding = 4; lastKnownFileType = sourcecode.swift; path = Style.swift; sourceTree = "<group>"; };
		05B6D15B1EBC3B3400715D40 /* WelcomeTableViewCell.swift */ = {isa = PBXFileReference; fileEncoding = 4; lastKnownFileType = sourcecode.swift; path = WelcomeTableViewCell.swift; sourceTree = "<group>"; };
		05B6D15D1EBC3E6F00715D40 /* IndexManager.swift */ = {isa = PBXFileReference; fileEncoding = 4; lastKnownFileType = sourcecode.swift; path = IndexManager.swift; sourceTree = "<group>"; };
		05B6D15F1EBC434500715D40 /* PriorityTableViewCell.swift */ = {isa = PBXFileReference; fileEncoding = 4; lastKnownFileType = sourcecode.swift; path = PriorityTableViewCell.swift; sourceTree = "<group>"; };
		05B6D1611EBC438300715D40 /* UITableViewExtension.swift */ = {isa = PBXFileReference; fileEncoding = 4; lastKnownFileType = sourcecode.swift; path = UITableViewExtension.swift; sourceTree = "<group>"; };
		05B6D1631EBC48CA00715D40 /* TitleTableViewCell.swift */ = {isa = PBXFileReference; fileEncoding = 4; lastKnownFileType = sourcecode.swift; path = TitleTableViewCell.swift; sourceTree = "<group>"; };
		05D8B3571E8E1D7C00E5819A /* SnapLayout_ExampleTests.xctest */ = {isa = PBXFileReference; explicitFileType = wrapper.cfbundle; includeInIndex = 0; path = SnapLayout_ExampleTests.xctest; sourceTree = BUILT_PRODUCTS_DIR; };
		05D8B35B1E8E1D7C00E5819A /* Info.plist */ = {isa = PBXFileReference; lastKnownFileType = text.plist.xml; path = Info.plist; sourceTree = "<group>"; };
		05D8B3611E8E1F7F00E5819A /* SnapConfigTests.swift */ = {isa = PBXFileReference; fileEncoding = 4; lastKnownFileType = sourcecode.swift; path = SnapConfigTests.swift; sourceTree = "<group>"; };
		05D8B3631E8E1FAE00E5819A /* SnapManagerTests.swift */ = {isa = PBXFileReference; fileEncoding = 4; lastKnownFileType = sourcecode.swift; path = SnapManagerTests.swift; sourceTree = "<group>"; };
		05FA916C1E919EE90033BC64 /* SnapLayoutTests.swift */ = {isa = PBXFileReference; fileEncoding = 4; lastKnownFileType = sourcecode.swift; path = SnapLayoutTests.swift; sourceTree = "<group>"; };
		1C8E67D8280A8CA43B58D9B0 /* Pods_SnapLayout_ExampleTests.framework */ = {isa = PBXFileReference; explicitFileType = wrapper.framework; includeInIndex = 0; path = Pods_SnapLayout_ExampleTests.framework; sourceTree = BUILT_PRODUCTS_DIR; };
		286255A2AE6D51660F5C7B63 /* Pods-SnapLayout_ExampleTests.release.xcconfig */ = {isa = PBXFileReference; includeInIndex = 1; lastKnownFileType = text.xcconfig; name = "Pods-SnapLayout_ExampleTests.release.xcconfig"; path = "Pods/Target Support Files/Pods-SnapLayout_ExampleTests/Pods-SnapLayout_ExampleTests.release.xcconfig"; sourceTree = "<group>"; };
		2C9EFFE12017367D906EA542 /* Pods-SnapLayout_ExampleTests.debug.xcconfig */ = {isa = PBXFileReference; includeInIndex = 1; lastKnownFileType = text.xcconfig; name = "Pods-SnapLayout_ExampleTests.debug.xcconfig"; path = "Pods/Target Support Files/Pods-SnapLayout_ExampleTests/Pods-SnapLayout_ExampleTests.debug.xcconfig"; sourceTree = "<group>"; };
		4C9147F394BD9B0020A19460 /* LICENSE */ = {isa = PBXFileReference; includeInIndex = 1; lastKnownFileType = text; lineEnding = 0; name = LICENSE; path = ../LICENSE; sourceTree = "<group>"; xcLanguageSpecificationIdentifier = "<none>"; };
		607FACD01AFB9204008FA782 /* SnapLayout_Example.app */ = {isa = PBXFileReference; explicitFileType = wrapper.application; includeInIndex = 0; path = SnapLayout_Example.app; sourceTree = BUILT_PRODUCTS_DIR; };
		607FACD41AFB9204008FA782 /* Info.plist */ = {isa = PBXFileReference; lastKnownFileType = text.plist.xml; path = Info.plist; sourceTree = "<group>"; };
		607FACD51AFB9204008FA782 /* AppDelegate.swift */ = {isa = PBXFileReference; lastKnownFileType = sourcecode.swift; path = AppDelegate.swift; sourceTree = "<group>"; };
		607FACD71AFB9204008FA782 /* ViewController.swift */ = {isa = PBXFileReference; lastKnownFileType = sourcecode.swift; path = ViewController.swift; sourceTree = "<group>"; };
		607FACDC1AFB9204008FA782 /* Images.xcassets */ = {isa = PBXFileReference; lastKnownFileType = folder.assetcatalog; path = Images.xcassets; sourceTree = "<group>"; };
		607FACDF1AFB9204008FA782 /* Base */ = {isa = PBXFileReference; lastKnownFileType = file.xib; name = Base; path = Base.lproj/LaunchScreen.xib; sourceTree = "<group>"; };
		6E8455DE81A33BC7EDDE58E6 /* Pods_SnapLayout_Example.framework */ = {isa = PBXFileReference; explicitFileType = wrapper.framework; includeInIndex = 0; path = Pods_SnapLayout_Example.framework; sourceTree = BUILT_PRODUCTS_DIR; };
		7CC5E256D0B6B8AB75218628 /* SnapLayout.podspec */ = {isa = PBXFileReference; includeInIndex = 1; lastKnownFileType = text; lineEnding = 0; name = SnapLayout.podspec; path = ../SnapLayout.podspec; sourceTree = "<group>"; xcLanguageSpecificationIdentifier = "<none>"; };
		81249413C533FA3C633F8B09 /* Pods-SnapLayout_Example.release.xcconfig */ = {isa = PBXFileReference; includeInIndex = 1; lastKnownFileType = text.xcconfig; name = "Pods-SnapLayout_Example.release.xcconfig"; path = "Pods/Target Support Files/Pods-SnapLayout_Example/Pods-SnapLayout_Example.release.xcconfig"; sourceTree = "<group>"; };
		83DD46CF64EC537739968A0D /* Pods-SnapLayout_Example.debug.xcconfig */ = {isa = PBXFileReference; includeInIndex = 1; lastKnownFileType = text.xcconfig; name = "Pods-SnapLayout_Example.debug.xcconfig"; path = "Pods/Target Support Files/Pods-SnapLayout_Example/Pods-SnapLayout_Example.debug.xcconfig"; sourceTree = "<group>"; };
		CF6C903DE4EA30D1C820E7C5 /* README.md */ = {isa = PBXFileReference; includeInIndex = 1; lastKnownFileType = net.daringfireball.markdown; lineEnding = 0; name = README.md; path = ../README.md; sourceTree = "<group>"; xcLanguageSpecificationIdentifier = xcode.lang.markdown; };
/* End PBXFileReference section */

/* Begin PBXFrameworksBuildPhase section */
		05D8B3541E8E1D7C00E5819A /* Frameworks */ = {
			isa = PBXFrameworksBuildPhase;
			buildActionMask = 2147483647;
			files = (
				16620983C7FD6063E77C3842 /* Pods_SnapLayout_ExampleTests.framework in Frameworks */,
			);
			runOnlyForDeploymentPostprocessing = 0;
		};
		607FACCD1AFB9204008FA782 /* Frameworks */ = {
			isa = PBXFrameworksBuildPhase;
			buildActionMask = 2147483647;
			files = (
				C5916DD918499AC040716CAE /* Pods_SnapLayout_Example.framework in Frameworks */,
			);
			runOnlyForDeploymentPostprocessing = 0;
		};
/* End PBXFrameworksBuildPhase section */

/* Begin PBXGroup section */
		053493ED1EBD4A1700D9F89D /* Cells */ = {
			isa = PBXGroup;
			children = (
				057099501EBD7B7F00D6EF71 /* AdjacentHorizontalTableViewCell.swift */,
				053493F01EBD4E7300D9F89D /* AdjacentVerticalTableViewCell.swift */,
				05B6D15F1EBC434500715D40 /* PriorityTableViewCell.swift */,
				053493EB1EBD486B00D9F89D /* SizeTableViewCell.swift */,
				05B6D1631EBC48CA00715D40 /* TitleTableViewCell.swift */,
				05B6D15B1EBC3B3400715D40 /* WelcomeTableViewCell.swift */,
			);
			name = Cells;
			sourceTree = "<group>";
		};
		053493EE1EBD4A2D00D9F89D /* VC */ = {
			isa = PBXGroup;
			children = (
				05B6D15D1EBC3E6F00715D40 /* IndexManager.swift */,
				607FACD71AFB9204008FA782 /* ViewController.swift */,
			);
			name = VC;
			sourceTree = "<group>";
		};
		053493EF1EBD4A3400D9F89D /* Extension */ = {
			isa = PBXGroup;
			children = (
				05B6D1611EBC438300715D40 /* UITableViewExtension.swift */,
			);
			name = Extension;
			sourceTree = "<group>";
		};
		057099541EBD7D4B00D6EF71 /* Style */ = {
			isa = PBXGroup;
			children = (
				057099521EBD7D3000D6EF71 /* Style.swift */,
			);
			name = Style;
			sourceTree = "<group>";
		};
		05D8B3581E8E1D7C00E5819A /* SnapLayout_ExampleTests */ = {
			isa = PBXGroup;
			children = (
				05D8B3611E8E1F7F00E5819A /* SnapConfigTests.swift */,
				05D8B3631E8E1FAE00E5819A /* SnapManagerTests.swift */,
				05FA916C1E919EE90033BC64 /* SnapLayoutTests.swift */,
				05D8B35B1E8E1D7C00E5819A /* Info.plist */,
				0543392B1EA1FB1100044728 /* BaseTestCase.swift */,
			);
			path = SnapLayout_ExampleTests;
			sourceTree = "<group>";
		};
		55763BA43100368A27E4A4CD /* Pods */ = {
			isa = PBXGroup;
			children = (
				83DD46CF64EC537739968A0D /* Pods-SnapLayout_Example.debug.xcconfig */,
				81249413C533FA3C633F8B09 /* Pods-SnapLayout_Example.release.xcconfig */,
				2C9EFFE12017367D906EA542 /* Pods-SnapLayout_ExampleTests.debug.xcconfig */,
				286255A2AE6D51660F5C7B63 /* Pods-SnapLayout_ExampleTests.release.xcconfig */,
			);
			name = Pods;
			sourceTree = "<group>";
		};
		607FACC71AFB9204008FA782 = {
			isa = PBXGroup;
			children = (
				607FACF51AFB993E008FA782 /* Podspec Metadata */,
				607FACD21AFB9204008FA782 /* Example for SnapLayout */,
				05D8B3581E8E1D7C00E5819A /* SnapLayout_ExampleTests */,
				607FACD11AFB9204008FA782 /* Products */,
				55763BA43100368A27E4A4CD /* Pods */,
				B26703EFE7205943E8D7FD25 /* Frameworks */,
			);
			sourceTree = "<group>";
		};
		607FACD11AFB9204008FA782 /* Products */ = {
			isa = PBXGroup;
			children = (
				607FACD01AFB9204008FA782 /* SnapLayout_Example.app */,
				05D8B3571E8E1D7C00E5819A /* SnapLayout_ExampleTests.xctest */,
			);
			name = Products;
			sourceTree = "<group>";
		};
		607FACD21AFB9204008FA782 /* Example for SnapLayout */ = {
			isa = PBXGroup;
			children = (
				053493EE1EBD4A2D00D9F89D /* VC */,
				053493ED1EBD4A1700D9F89D /* Cells */,
				607FACD31AFB9204008FA782 /* Supporting Files */,
				053493EF1EBD4A3400D9F89D /* Extension */,
				057099541EBD7D4B00D6EF71 /* Style */,
			);
			name = "Example for SnapLayout";
			path = SnapLayout;
			sourceTree = "<group>";
		};
		607FACD31AFB9204008FA782 /* Supporting Files */ = {
			isa = PBXGroup;
			children = (
				607FACD51AFB9204008FA782 /* AppDelegate.swift */,
				607FACDE1AFB9204008FA782 /* LaunchScreen.xib */,
				607FACDC1AFB9204008FA782 /* Images.xcassets */,
				607FACD41AFB9204008FA782 /* Info.plist */,
			);
			name = "Supporting Files";
			sourceTree = "<group>";
		};
		607FACF51AFB993E008FA782 /* Podspec Metadata */ = {
			isa = PBXGroup;
			children = (
				7CC5E256D0B6B8AB75218628 /* SnapLayout.podspec */,
				CF6C903DE4EA30D1C820E7C5 /* README.md */,
				4C9147F394BD9B0020A19460 /* LICENSE */,
			);
			name = "Podspec Metadata";
			sourceTree = "<group>";
		};
		B26703EFE7205943E8D7FD25 /* Frameworks */ = {
			isa = PBXGroup;
			children = (
				6E8455DE81A33BC7EDDE58E6 /* Pods_SnapLayout_Example.framework */,
				1C8E67D8280A8CA43B58D9B0 /* Pods_SnapLayout_ExampleTests.framework */,
			);
			name = Frameworks;
			sourceTree = "<group>";
		};
/* End PBXGroup section */

/* Begin PBXNativeTarget section */
		05D8B3561E8E1D7C00E5819A /* SnapLayout_ExampleTests */ = {
			isa = PBXNativeTarget;
			buildConfigurationList = 05D8B35E1E8E1D7C00E5819A /* Build configuration list for PBXNativeTarget "SnapLayout_ExampleTests" */;
			buildPhases = (
				E1890D8F89970753F97FD4BD /* [CP] Check Pods Manifest.lock */,
				05D8B3531E8E1D7C00E5819A /* Sources */,
				05D8B3541E8E1D7C00E5819A /* Frameworks */,
				05D8B3551E8E1D7C00E5819A /* Resources */,
				F4BA56B1F195E8FD501F429D /* [CP] Embed Pods Frameworks */,
				ED27CE528C13384186754639 /* [CP] Copy Pods Resources */,
			);
			buildRules = (
			);
			dependencies = (
				05D8B35D1E8E1D7C00E5819A /* PBXTargetDependency */,
			);
			name = SnapLayout_ExampleTests;
			productName = SnapLayout_ExampleTests;
			productReference = 05D8B3571E8E1D7C00E5819A /* SnapLayout_ExampleTests.xctest */;
			productType = "com.apple.product-type.bundle.unit-test";
		};
		607FACCF1AFB9204008FA782 /* SnapLayout_Example */ = {
			isa = PBXNativeTarget;
			buildConfigurationList = 607FACEF1AFB9204008FA782 /* Build configuration list for PBXNativeTarget "SnapLayout_Example" */;
			buildPhases = (
				43280300E9C9F89EFEC76BF3 /* [CP] Check Pods Manifest.lock */,
				607FACCC1AFB9204008FA782 /* Sources */,
				607FACCD1AFB9204008FA782 /* Frameworks */,
				607FACCE1AFB9204008FA782 /* Resources */,
				F13134504B415DA0B838F3DB /* [CP] Embed Pods Frameworks */,
				DEDF3BE6CDC9F06179AFDAA6 /* [CP] Copy Pods Resources */,
			);
			buildRules = (
			);
			dependencies = (
			);
			name = SnapLayout_Example;
			productName = SnapLayout;
			productReference = 607FACD01AFB9204008FA782 /* SnapLayout_Example.app */;
			productType = "com.apple.product-type.application";
		};
/* End PBXNativeTarget section */

/* Begin PBXProject section */
		607FACC81AFB9204008FA782 /* Project object */ = {
			isa = PBXProject;
			attributes = {
				LastSwiftUpdateCheck = 0820;
				LastUpgradeCheck = 0820;
				ORGANIZATIONNAME = CocoaPods;
				TargetAttributes = {
					05D8B3561E8E1D7C00E5819A = {
						CreatedOnToolsVersion = 8.2.1;
						DevelopmentTeam = 5ZZ7W4SB26;
						ProvisioningStyle = Automatic;
						TestTargetID = 607FACCF1AFB9204008FA782;
					};
					607FACCF1AFB9204008FA782 = {
						CreatedOnToolsVersion = 6.3.1;
						LastSwiftMigration = 0820;
					};
				};
			};
			buildConfigurationList = 607FACCB1AFB9204008FA782 /* Build configuration list for PBXProject "SnapLayout" */;
			compatibilityVersion = "Xcode 3.2";
			developmentRegion = English;
			hasScannedForEncodings = 0;
			knownRegions = (
				en,
				Base,
			);
			mainGroup = 607FACC71AFB9204008FA782;
			productRefGroup = 607FACD11AFB9204008FA782 /* Products */;
			projectDirPath = "";
			projectRoot = "";
			targets = (
				607FACCF1AFB9204008FA782 /* SnapLayout_Example */,
				05D8B3561E8E1D7C00E5819A /* SnapLayout_ExampleTests */,
			);
		};
/* End PBXProject section */

/* Begin PBXResourcesBuildPhase section */
		05D8B3551E8E1D7C00E5819A /* Resources */ = {
			isa = PBXResourcesBuildPhase;
			buildActionMask = 2147483647;
			files = (
			);
			runOnlyForDeploymentPostprocessing = 0;
		};
		607FACCE1AFB9204008FA782 /* Resources */ = {
			isa = PBXResourcesBuildPhase;
			buildActionMask = 2147483647;
			files = (
				607FACE01AFB9204008FA782 /* LaunchScreen.xib in Resources */,
				607FACDD1AFB9204008FA782 /* Images.xcassets in Resources */,
			);
			runOnlyForDeploymentPostprocessing = 0;
		};
/* End PBXResourcesBuildPhase section */

/* Begin PBXShellScriptBuildPhase section */
		43280300E9C9F89EFEC76BF3 /* [CP] Check Pods Manifest.lock */ = {
			isa = PBXShellScriptBuildPhase;
			buildActionMask = 2147483647;
			files = (
			);
			inputPaths = (
			);
			name = "[CP] Check Pods Manifest.lock";
			outputPaths = (
			);
			runOnlyForDeploymentPostprocessing = 0;
			shellPath = /bin/sh;
			shellScript = "diff \"${PODS_ROOT}/../Podfile.lock\" \"${PODS_ROOT}/Manifest.lock\" > /dev/null\nif [ $? != 0 ] ; then\n    # print error to STDERR\n    echo \"error: The sandbox is not in sync with the Podfile.lock. Run 'pod install' or update your CocoaPods installation.\" >&2\n    exit 1\nfi\n";
			showEnvVarsInLog = 0;
		};
		DEDF3BE6CDC9F06179AFDAA6 /* [CP] Copy Pods Resources */ = {
			isa = PBXShellScriptBuildPhase;
			buildActionMask = 2147483647;
			files = (
			);
			inputPaths = (
			);
			name = "[CP] Copy Pods Resources";
			outputPaths = (
			);
			runOnlyForDeploymentPostprocessing = 0;
			shellPath = /bin/sh;
			shellScript = "\"${SRCROOT}/Pods/Target Support Files/Pods-SnapLayout_Example/Pods-SnapLayout_Example-resources.sh\"\n";
			showEnvVarsInLog = 0;
		};
		E1890D8F89970753F97FD4BD /* [CP] Check Pods Manifest.lock */ = {
			isa = PBXShellScriptBuildPhase;
			buildActionMask = 2147483647;
			files = (
			);
			inputPaths = (
			);
			name = "[CP] Check Pods Manifest.lock";
			outputPaths = (
			);
			runOnlyForDeploymentPostprocessing = 0;
			shellPath = /bin/sh;
			shellScript = "diff \"${PODS_ROOT}/../Podfile.lock\" \"${PODS_ROOT}/Manifest.lock\" > /dev/null\nif [ $? != 0 ] ; then\n    # print error to STDERR\n    echo \"error: The sandbox is not in sync with the Podfile.lock. Run 'pod install' or update your CocoaPods installation.\" >&2\n    exit 1\nfi\n";
			showEnvVarsInLog = 0;
		};
		ED27CE528C13384186754639 /* [CP] Copy Pods Resources */ = {
			isa = PBXShellScriptBuildPhase;
			buildActionMask = 2147483647;
			files = (
			);
			inputPaths = (
			);
			name = "[CP] Copy Pods Resources";
			outputPaths = (
			);
			runOnlyForDeploymentPostprocessing = 0;
			shellPath = /bin/sh;
			shellScript = "\"${SRCROOT}/Pods/Target Support Files/Pods-SnapLayout_ExampleTests/Pods-SnapLayout_ExampleTests-resources.sh\"\n";
			showEnvVarsInLog = 0;
		};
		F13134504B415DA0B838F3DB /* [CP] Embed Pods Frameworks */ = {
			isa = PBXShellScriptBuildPhase;
			buildActionMask = 2147483647;
			files = (
			);
			inputPaths = (
			);
			name = "[CP] Embed Pods Frameworks";
			outputPaths = (
			);
			runOnlyForDeploymentPostprocessing = 0;
			shellPath = /bin/sh;
			shellScript = "\"${SRCROOT}/Pods/Target Support Files/Pods-SnapLayout_Example/Pods-SnapLayout_Example-frameworks.sh\"\n";
			showEnvVarsInLog = 0;
		};
		F4BA56B1F195E8FD501F429D /* [CP] Embed Pods Frameworks */ = {
			isa = PBXShellScriptBuildPhase;
			buildActionMask = 2147483647;
			files = (
			);
			inputPaths = (
			);
			name = "[CP] Embed Pods Frameworks";
			outputPaths = (
			);
			runOnlyForDeploymentPostprocessing = 0;
			shellPath = /bin/sh;
			shellScript = "\"${SRCROOT}/Pods/Target Support Files/Pods-SnapLayout_ExampleTests/Pods-SnapLayout_ExampleTests-frameworks.sh\"\n";
			showEnvVarsInLog = 0;
		};
/* End PBXShellScriptBuildPhase section */

/* Begin PBXSourcesBuildPhase section */
		05D8B3531E8E1D7C00E5819A /* Sources */ = {
			isa = PBXSourcesBuildPhase;
			buildActionMask = 2147483647;
			files = (
				0543392C1EA1FB1100044728 /* BaseTestCase.swift in Sources */,
				05D8B3641E8E1FAE00E5819A /* SnapManagerTests.swift in Sources */,
				05D8B3621E8E1F7F00E5819A /* SnapConfigTests.swift in Sources */,
				05FA916D1E919EE90033BC64 /* SnapLayoutTests.swift in Sources */,
			);
			runOnlyForDeploymentPostprocessing = 0;
		};
		607FACCC1AFB9204008FA782 /* Sources */ = {
			isa = PBXSourcesBuildPhase;
			buildActionMask = 2147483647;
			files = (
				05B6D15E1EBC3E6F00715D40 /* IndexManager.swift in Sources */,
				607FACD81AFB9204008FA782 /* ViewController.swift in Sources */,
				607FACD61AFB9204008FA782 /* AppDelegate.swift in Sources */,
				053493EC1EBD486B00D9F89D /* SizeTableViewCell.swift in Sources */,
				053493F11EBD4E7300D9F89D /* AdjacentVerticalTableViewCell.swift in Sources */,
				05B6D1621EBC438300715D40 /* UITableViewExtension.swift in Sources */,
				05B6D1641EBC48CA00715D40 /* TitleTableViewCell.swift in Sources */,
				05B6D1601EBC434500715D40 /* PriorityTableViewCell.swift in Sources */,
				05B6D15C1EBC3B3400715D40 /* WelcomeTableViewCell.swift in Sources */,
				057099511EBD7B7F00D6EF71 /* AdjacentHorizontalTableViewCell.swift in Sources */,
				057099531EBD7D3000D6EF71 /* Style.swift in Sources */,
			);
			runOnlyForDeploymentPostprocessing = 0;
		};
/* End PBXSourcesBuildPhase section */

/* Begin PBXTargetDependency section */
		05D8B35D1E8E1D7C00E5819A /* PBXTargetDependency */ = {
			isa = PBXTargetDependency;
			target = 607FACCF1AFB9204008FA782 /* SnapLayout_Example */;
			targetProxy = 05D8B35C1E8E1D7C00E5819A /* PBXContainerItemProxy */;
		};
/* End PBXTargetDependency section */

/* Begin PBXVariantGroup section */
		607FACDE1AFB9204008FA782 /* LaunchScreen.xib */ = {
			isa = PBXVariantGroup;
			children = (
				607FACDF1AFB9204008FA782 /* Base */,
			);
			name = LaunchScreen.xib;
			sourceTree = "<group>";
		};
/* End PBXVariantGroup section */

/* Begin XCBuildConfiguration section */
		05D8B35F1E8E1D7C00E5819A /* Debug */ = {
			isa = XCBuildConfiguration;
			baseConfigurationReference = 2C9EFFE12017367D906EA542 /* Pods-SnapLayout_ExampleTests.debug.xcconfig */;
			buildSettings = {
				BUNDLE_LOADER = "$(TEST_HOST)";
				CLANG_ANALYZER_NONNULL = YES;
				CLANG_WARN_DOCUMENTATION_COMMENTS = YES;
				DEBUG_INFORMATION_FORMAT = dwarf;
				DEVELOPMENT_TEAM = 5ZZ7W4SB26;
				INFOPLIST_FILE = SnapLayout_ExampleTests/Info.plist;
				IPHONEOS_DEPLOYMENT_TARGET = 10.2;
				LD_RUNPATH_SEARCH_PATHS = "$(inherited) @executable_path/Frameworks @loader_path/Frameworks";
				PRODUCT_BUNDLE_IDENTIFIER = "Prolific.SnapLayout-ExampleTests";
				PRODUCT_NAME = "$(TARGET_NAME)";
				SWIFT_ACTIVE_COMPILATION_CONDITIONS = DEBUG;
				SWIFT_VERSION = 3.0;
				TEST_HOST = "$(BUILT_PRODUCTS_DIR)/SnapLayout_Example.app/SnapLayout_Example";
			};
			name = Debug;
		};
		05D8B3601E8E1D7C00E5819A /* Release */ = {
			isa = XCBuildConfiguration;
			baseConfigurationReference = 286255A2AE6D51660F5C7B63 /* Pods-SnapLayout_ExampleTests.release.xcconfig */;
			buildSettings = {
				BUNDLE_LOADER = "$(TEST_HOST)";
				CLANG_ANALYZER_NONNULL = YES;
				CLANG_WARN_DOCUMENTATION_COMMENTS = YES;
				DEVELOPMENT_TEAM = 5ZZ7W4SB26;
				INFOPLIST_FILE = SnapLayout_ExampleTests/Info.plist;
				IPHONEOS_DEPLOYMENT_TARGET = 10.2;
				LD_RUNPATH_SEARCH_PATHS = "$(inherited) @executable_path/Frameworks @loader_path/Frameworks";
				PRODUCT_BUNDLE_IDENTIFIER = "Prolific.SnapLayout-ExampleTests";
				PRODUCT_NAME = "$(TARGET_NAME)";
				SWIFT_VERSION = 3.0;
				TEST_HOST = "$(BUILT_PRODUCTS_DIR)/SnapLayout_Example.app/SnapLayout_Example";
			};
			name = Release;
		};
		607FACED1AFB9204008FA782 /* Debug */ = {
			isa = XCBuildConfiguration;
			buildSettings = {
				ALWAYS_SEARCH_USER_PATHS = NO;
				CLANG_CXX_LANGUAGE_STANDARD = "gnu++0x";
				CLANG_CXX_LIBRARY = "libc++";
				CLANG_ENABLE_MODULES = YES;
				CLANG_ENABLE_OBJC_ARC = YES;
				CLANG_WARN_BOOL_CONVERSION = YES;
				CLANG_WARN_CONSTANT_CONVERSION = YES;
				CLANG_WARN_DIRECT_OBJC_ISA_USAGE = YES_ERROR;
				CLANG_WARN_EMPTY_BODY = YES;
				CLANG_WARN_ENUM_CONVERSION = YES;
				CLANG_WARN_INFINITE_RECURSION = YES;
				CLANG_WARN_INT_CONVERSION = YES;
				CLANG_WARN_OBJC_ROOT_CLASS = YES_ERROR;
				CLANG_WARN_SUSPICIOUS_MOVE = YES;
				CLANG_WARN_UNREACHABLE_CODE = YES;
				CLANG_WARN__DUPLICATE_METHOD_MATCH = YES;
				"CODE_SIGN_IDENTITY[sdk=iphoneos*]" = "iPhone Developer";
				COPY_PHASE_STRIP = NO;
				DEBUG_INFORMATION_FORMAT = "dwarf-with-dsym";
				ENABLE_STRICT_OBJC_MSGSEND = YES;
				ENABLE_TESTABILITY = YES;
				GCC_C_LANGUAGE_STANDARD = gnu99;
				GCC_DYNAMIC_NO_PIC = NO;
				GCC_NO_COMMON_BLOCKS = YES;
				GCC_OPTIMIZATION_LEVEL = 0;
				GCC_PREPROCESSOR_DEFINITIONS = (
					"DEBUG=1",
					"$(inherited)",
				);
				GCC_SYMBOLS_PRIVATE_EXTERN = NO;
				GCC_WARN_64_TO_32_BIT_CONVERSION = YES;
				GCC_WARN_ABOUT_RETURN_TYPE = YES_ERROR;
				GCC_WARN_UNDECLARED_SELECTOR = YES;
				GCC_WARN_UNINITIALIZED_AUTOS = YES_AGGRESSIVE;
				GCC_WARN_UNUSED_FUNCTION = YES;
				GCC_WARN_UNUSED_VARIABLE = YES;
				IPHONEOS_DEPLOYMENT_TARGET = 9.0;
				MTL_ENABLE_DEBUG_INFO = YES;
				ONLY_ACTIVE_ARCH = YES;
				SDKROOT = iphoneos;
				SWIFT_OPTIMIZATION_LEVEL = "-Onone";
			};
			name = Debug;
		};
		607FACEE1AFB9204008FA782 /* Release */ = {
			isa = XCBuildConfiguration;
			buildSettings = {
				ALWAYS_SEARCH_USER_PATHS = NO;
				CLANG_CXX_LANGUAGE_STANDARD = "gnu++0x";
				CLANG_CXX_LIBRARY = "libc++";
				CLANG_ENABLE_MODULES = YES;
				CLANG_ENABLE_OBJC_ARC = YES;
				CLANG_WARN_BOOL_CONVERSION = YES;
				CLANG_WARN_CONSTANT_CONVERSION = YES;
				CLANG_WARN_DIRECT_OBJC_ISA_USAGE = YES_ERROR;
				CLANG_WARN_EMPTY_BODY = YES;
				CLANG_WARN_ENUM_CONVERSION = YES;
				CLANG_WARN_INFINITE_RECURSION = YES;
				CLANG_WARN_INT_CONVERSION = YES;
				CLANG_WARN_OBJC_ROOT_CLASS = YES_ERROR;
				CLANG_WARN_SUSPICIOUS_MOVE = YES;
				CLANG_WARN_UNREACHABLE_CODE = YES;
				CLANG_WARN__DUPLICATE_METHOD_MATCH = YES;
				"CODE_SIGN_IDENTITY[sdk=iphoneos*]" = "iPhone Developer";
				COPY_PHASE_STRIP = NO;
				DEBUG_INFORMATION_FORMAT = "dwarf-with-dsym";
				ENABLE_NS_ASSERTIONS = NO;
				ENABLE_STRICT_OBJC_MSGSEND = YES;
				GCC_C_LANGUAGE_STANDARD = gnu99;
				GCC_NO_COMMON_BLOCKS = YES;
				GCC_WARN_64_TO_32_BIT_CONVERSION = YES;
				GCC_WARN_ABOUT_RETURN_TYPE = YES_ERROR;
				GCC_WARN_UNDECLARED_SELECTOR = YES;
				GCC_WARN_UNINITIALIZED_AUTOS = YES_AGGRESSIVE;
				GCC_WARN_UNUSED_FUNCTION = YES;
				GCC_WARN_UNUSED_VARIABLE = YES;
				IPHONEOS_DEPLOYMENT_TARGET = 9.0;
				MTL_ENABLE_DEBUG_INFO = NO;
				SDKROOT = iphoneos;
				SWIFT_OPTIMIZATION_LEVEL = "-Owholemodule";
				VALIDATE_PRODUCT = YES;
			};
			name = Release;
		};
		607FACF01AFB9204008FA782 /* Debug */ = {
			isa = XCBuildConfiguration;
			baseConfigurationReference = 83DD46CF64EC537739968A0D /* Pods-SnapLayout_Example.debug.xcconfig */;
			buildSettings = {
				ALWAYS_EMBED_SWIFT_STANDARD_LIBRARIES = YES;
				ASSETCATALOG_COMPILER_APPICON_NAME = AppIcon;
				INFOPLIST_FILE = SnapLayout/Info.plist;
				LD_RUNPATH_SEARCH_PATHS = "$(inherited) @executable_path/Frameworks";
				MODULE_NAME = ExampleApp;
				PRODUCT_BUNDLE_IDENTIFIER = "org.cocoapods.demo.$(PRODUCT_NAME:rfc1034identifier)";
				PRODUCT_NAME = "$(TARGET_NAME)";
				SWIFT_VERSION = 3.0;
			};
			name = Debug;
		};
		607FACF11AFB9204008FA782 /* Release */ = {
			isa = XCBuildConfiguration;
			baseConfigurationReference = 81249413C533FA3C633F8B09 /* Pods-SnapLayout_Example.release.xcconfig */;
			buildSettings = {
				ALWAYS_EMBED_SWIFT_STANDARD_LIBRARIES = YES;
				ASSETCATALOG_COMPILER_APPICON_NAME = AppIcon;
				INFOPLIST_FILE = SnapLayout/Info.plist;
				LD_RUNPATH_SEARCH_PATHS = "$(inherited) @executable_path/Frameworks";
				MODULE_NAME = ExampleApp;
				PRODUCT_BUNDLE_IDENTIFIER = "org.cocoapods.demo.$(PRODUCT_NAME:rfc1034identifier)";
				PRODUCT_NAME = "$(TARGET_NAME)";
				SWIFT_VERSION = 3.0;
			};
			name = Release;
		};
/* End XCBuildConfiguration section */

/* Begin XCConfigurationList section */
		05D8B35E1E8E1D7C00E5819A /* Build configuration list for PBXNativeTarget "SnapLayout_ExampleTests" */ = {
			isa = XCConfigurationList;
			buildConfigurations = (
				05D8B35F1E8E1D7C00E5819A /* Debug */,
				05D8B3601E8E1D7C00E5819A /* Release */,
			);
			defaultConfigurationIsVisible = 0;
			defaultConfigurationName = Release;
		};
		607FACCB1AFB9204008FA782 /* Build configuration list for PBXProject "SnapLayout" */ = {
			isa = XCConfigurationList;
			buildConfigurations = (
				607FACED1AFB9204008FA782 /* Debug */,
				607FACEE1AFB9204008FA782 /* Release */,
			);
			defaultConfigurationIsVisible = 0;
			defaultConfigurationName = Release;
		};
		607FACEF1AFB9204008FA782 /* Build configuration list for PBXNativeTarget "SnapLayout_Example" */ = {
			isa = XCConfigurationList;
			buildConfigurations = (
				607FACF01AFB9204008FA782 /* Debug */,
				607FACF11AFB9204008FA782 /* Release */,
			);
			defaultConfigurationIsVisible = 0;
			defaultConfigurationName = Release;
		};
/* End XCConfigurationList section */
	};
	rootObject = 607FACC81AFB9204008FA782 /* Project object */;
}
